
Microsoft Visual Studio Solution File, Format Version 12.00
# Visual Studio Version 16
VisualStudioVersion = 16.0.29728.190
MinimumVisualStudioVersion = 10.0.40219.1
Project("{FAE04EC0-301F-11D3-BF4B-00C04F79EFBC}") = "GestionMatetMob", "GestionMatetMob\GestionMatetMob.csproj", "{FDDCB6A6-E796-477D-AA16-123CD5AC2DED}"
EndProject
Global
	GlobalSection(SolutionConfigurationPlatforms) = preSolution
		Debug|Any CPU = Debug|Any CPU
		Release|Any CPU = Release|Any CPU
	EndGlobalSection
	GlobalSection(ProjectConfigurationPlatforms) = postSolution
		{FDDCB6A6-E796-477D-AA16-123CD5AC2DED}.Debug|Any CPU.ActiveCfg = Debug|Any CPU
		{FDDCB6A6-E796-477D-AA16-123CD5AC2DED}.Debug|Any CPU.Build.0 = Debug|Any CPU
		{FDDCB6A6-E796-477D-AA16-123CD5AC2DED}.Release|Any CPU.ActiveCfg = Release|Any CPU
		{FDDCB6A6-E796-477D-AA16-123CD5AC2DED}.Release|Any CPU.Build.0 = Release|Any CPU
	EndGlobalSection
	GlobalSection(SolutionProperties) = preSolution
		HideSolutionNode = FALSE
	EndGlobalSection
	GlobalSection(ExtensibilityGlobals) = postSolution
		SolutionGuid = {03F330BD-ACD3-4F1D-80DB-B74277FA0CAE}
	EndGlobalSection
EndGlobal
